
Microsoft Visual Studio Solution File, Format Version 12.00
# Visual Studio Version 17
VisualStudioVersion = 17.10.35013.160
MinimumVisualStudioVersion = 10.0.40219.1
Project("{FAE04EC0-301F-11D3-BF4B-00C04F79EFBC}") = "Lisa.AI", "Lisa.AI\Lisa.AI.csproj", "{2B59FA31-625A-43AC-AEDE-D320FCBB7516}"
EndProject
Project("{FAE04EC0-301F-11D3-BF4B-00C04F79EFBC}") = "Lisa.AI.Cpu", "Lisa.AI.Cpu\Lisa.AI.Cpu.csproj", "{64F2BA20-84D9-4092-94B6-18522678C4CD}"
EndProject
Global
	GlobalSection(SolutionConfigurationPlatforms) = preSolution
		Debug|Any CPU = Debug|Any CPU
		Release|Any CPU = Release|Any CPU
	EndGlobalSection
	GlobalSection(ProjectConfigurationPlatforms) = postSolution
		{2B59FA31-625A-43AC-AEDE-D320FCBB7516}.Debug|Any CPU.ActiveCfg = Debug|Any CPU
		{2B59FA31-625A-43AC-AEDE-D320FCBB7516}.Debug|Any CPU.Build.0 = Debug|Any CPU
		{2B59FA31-625A-43AC-AEDE-D320FCBB7516}.Release|Any CPU.ActiveCfg = Release|Any CPU
		{2B59FA31-625A-43AC-AEDE-D320FCBB7516}.Release|Any CPU.Build.0 = Release|Any CPU
		{64F2BA20-84D9-4092-94B6-18522678C4CD}.Debug|Any CPU.ActiveCfg = Debug|Any CPU
		{64F2BA20-84D9-4092-94B6-18522678C4CD}.Debug|Any CPU.Build.0 = Debug|Any CPU
		{64F2BA20-84D9-4092-94B6-18522678C4CD}.Release|Any CPU.ActiveCfg = Release|Any CPU
		{64F2BA20-84D9-4092-94B6-18522678C4CD}.Release|Any CPU.Build.0 = Release|Any CPU
	EndGlobalSection
	GlobalSection(SolutionProperties) = preSolution
		HideSolutionNode = FALSE
	EndGlobalSection
	GlobalSection(ExtensibilityGlobals) = postSolution
		SolutionGuid = {40F6E6CD-22B4-41D1-BF41-C40595130ABD}
	EndGlobalSection
EndGlobal
